
Microsoft Visual Studio Solution File, Format Version 12.00
# Visual Studio Version 16
VisualStudioVersion = 16.0.30011.22
MinimumVisualStudioVersion = 10.0.40219.1
Project("{FAE04EC0-301F-11D3-BF4B-00C04F79EFBC}") = "SportsStore", "SportsStore\SportsStore.csproj", "{08D92F96-1460-4097-A092-8BE1B9F8F364}"
EndProject
Global
	GlobalSection(SolutionConfigurationPlatforms) = preSolution
		Debug|Any CPU = Debug|Any CPU
		Release|Any CPU = Release|Any CPU
	EndGlobalSection
	GlobalSection(ProjectConfigurationPlatforms) = postSolution
		{08D92F96-1460-4097-A092-8BE1B9F8F364}.Debug|Any CPU.ActiveCfg = Debug|Any CPU
		{08D92F96-1460-4097-A092-8BE1B9F8F364}.Debug|Any CPU.Build.0 = Debug|Any CPU
		{08D92F96-1460-4097-A092-8BE1B9F8F364}.Release|Any CPU.ActiveCfg = Release|Any CPU
		{08D92F96-1460-4097-A092-8BE1B9F8F364}.Release|Any CPU.Build.0 = Release|Any CPU
	EndGlobalSection
	GlobalSection(SolutionProperties) = preSolution
		HideSolutionNode = FALSE
	EndGlobalSection
	GlobalSection(ExtensibilityGlobals) = postSolution
		SolutionGuid = {85915823-2090-4010-AE30-4C9EA4456DB7}
	EndGlobalSection
EndGlobal
